
Microsoft Visual Studio Solution File, Format Version 12.00
# Visual Studio Version 17
VisualStudioVersion = 17.14.36408.4
MinimumVisualStudioVersion = 10.0.40219.1
Project("{2150E333-8FDC-42A3-9474-1A3956D46DE8}") = "src", "src", "{02EA681E-C7D8-13C7-8484-4AC65E1B71E8}"
EndProject
Project("{FAE04EC0-301F-11D3-BF4B-00C04F79EFBC}") = "OTManager.Core", "src\OTManager.Core\OTManager.Core.csproj", "{6B47633D-A885-436B-AC21-052A49C0DBD6}"
EndProject
Project("{FAE04EC0-301F-11D3-BF4B-00C04F79EFBC}") = "OTManager.Data", "OTManager.Data\OTManager.Data.csproj", "{F113E42C-0222-4D95-9D54-4943F73716DA}"
EndProject
Project("{FAE04EC0-301F-11D3-BF4B-00C04F79EFBC}") = "OTManager.Api", "src\OTManager.Api\OTManager.Api.csproj", "{4A32B4C2-DEF6-40BA-AE40-1DEF2D26D002}"
EndProject
Project("{FAE04EC0-301F-11D3-BF4B-00C04F79EFBC}") = "OTManager.App", "src\OTManager.App\OTManager.App.csproj", "{C450D449-89E9-43D4-A52D-A0F1DF8FE517}"
EndProject
Project("{2150E333-8FDC-42A3-9474-1A3956D46DE8}") = "doc", "doc", "{C5CFB38B-0E9A-48DF-84CB-8F4944D11A65}"
	ProjectSection(SolutionItems) = preProject
		LICENSE.txt = LICENSE.txt
		README.md = README.md
	EndProjectSection
EndProject
Global
	GlobalSection(SolutionConfigurationPlatforms) = preSolution
		Debug|Any CPU = Debug|Any CPU
		Release|Any CPU = Release|Any CPU
	EndGlobalSection
	GlobalSection(ProjectConfigurationPlatforms) = postSolution
		{6B47633D-A885-436B-AC21-052A49C0DBD6}.Debug|Any CPU.ActiveCfg = Debug|Any CPU
		{6B47633D-A885-436B-AC21-052A49C0DBD6}.Debug|Any CPU.Build.0 = Debug|Any CPU
		{6B47633D-A885-436B-AC21-052A49C0DBD6}.Release|Any CPU.ActiveCfg = Release|Any CPU
		{6B47633D-A885-436B-AC21-052A49C0DBD6}.Release|Any CPU.Build.0 = Release|Any CPU
		{F113E42C-0222-4D95-9D54-4943F73716DA}.Debug|Any CPU.ActiveCfg = Debug|Any CPU
		{F113E42C-0222-4D95-9D54-4943F73716DA}.Debug|Any CPU.Build.0 = Debug|Any CPU
		{F113E42C-0222-4D95-9D54-4943F73716DA}.Release|Any CPU.ActiveCfg = Release|Any CPU
		{F113E42C-0222-4D95-9D54-4943F73716DA}.Release|Any CPU.Build.0 = Release|Any CPU
		{4A32B4C2-DEF6-40BA-AE40-1DEF2D26D002}.Debug|Any CPU.ActiveCfg = Debug|Any CPU
		{4A32B4C2-DEF6-40BA-AE40-1DEF2D26D002}.Debug|Any CPU.Build.0 = Debug|Any CPU
		{4A32B4C2-DEF6-40BA-AE40-1DEF2D26D002}.Release|Any CPU.ActiveCfg = Release|Any CPU
		{4A32B4C2-DEF6-40BA-AE40-1DEF2D26D002}.Release|Any CPU.Build.0 = Release|Any CPU
		{C450D449-89E9-43D4-A52D-A0F1DF8FE517}.Debug|Any CPU.ActiveCfg = Debug|Any CPU
		{C450D449-89E9-43D4-A52D-A0F1DF8FE517}.Debug|Any CPU.Build.0 = Debug|Any CPU
		{C450D449-89E9-43D4-A52D-A0F1DF8FE517}.Release|Any CPU.ActiveCfg = Release|Any CPU
		{C450D449-89E9-43D4-A52D-A0F1DF8FE517}.Release|Any CPU.Build.0 = Release|Any CPU
	EndGlobalSection
	GlobalSection(SolutionProperties) = preSolution
		HideSolutionNode = FALSE
	EndGlobalSection
	GlobalSection(NestedProjects) = preSolution
		{6B47633D-A885-436B-AC21-052A49C0DBD6} = {02EA681E-C7D8-13C7-8484-4AC65E1B71E8}
		{F113E42C-0222-4D95-9D54-4943F73716DA} = {02EA681E-C7D8-13C7-8484-4AC65E1B71E8}
		{4A32B4C2-DEF6-40BA-AE40-1DEF2D26D002} = {02EA681E-C7D8-13C7-8484-4AC65E1B71E8}
		{C450D449-89E9-43D4-A52D-A0F1DF8FE517} = {02EA681E-C7D8-13C7-8484-4AC65E1B71E8}
	EndGlobalSection
	GlobalSection(ExtensibilityGlobals) = postSolution
		SolutionGuid = {8434D880-E4C5-4974-9EE1-67CD8E257B50}
	EndGlobalSection
EndGlobal
